# THIS IS AN AUTOGENERATED FILE. DO NOT EDIT THIS FILE DIRECTLY.
# yarn lockfile v1


"@babel/runtime@^7.1.2":
  version "7.4.4"
  resolved "https://registry.yarnpkg.com/@babel/runtime/-/runtime-7.4.4.tgz#dc2e34982eb236803aa27a07fea6857af1b9171d"
  dependencies:
    regenerator-runtime "^0.13.2"

asap@~2.0.3:
  version "2.0.6"
  resolved "https://registry.yarnpkg.com/asap/-/asap-2.0.6.tgz#e50347611d7e690943208bbdafebcbc2fb866d46"

bluebird@^3.4.6:
  version "3.5.4"
  resolved "https://registry.yarnpkg.com/bluebird/-/bluebird-3.5.4.tgz#d6cc661595de30d5b3af5fcedd3c0b3ef6ec5714"

boolbase@~1.0.0:
  version "1.0.0"
  resolved "https://registry.yarnpkg.com/boolbase/-/boolbase-1.0.0.tgz#68dff5fbe60c51eb37725ea9e3ed310dcc1e776e"

cheerio@^0.22.0:
  version "0.22.0"
  resolved "https://registry.yarnpkg.com/cheerio/-/cheerio-0.22.0.tgz#a9baa860a3f9b595a6b81b1a86873121ed3a269e"
  dependencies:
    css-select "~1.2.0"
    dom-serializer "~0.1.0"
    entities "~1.1.1"
    htmlparser2 "^3.9.1"
    lodash.assignin "^4.0.9"
    lodash.bind "^4.1.4"
    lodash.defaults "^4.0.1"
    lodash.filter "^4.4.0"
    lodash.flatten "^4.2.0"
    lodash.foreach "^4.3.0"
    lodash.map "^4.4.0"
    lodash.merge "^4.4.0"
    lodash.pick "^4.2.1"
    lodash.reduce "^4.4.0"
    lodash.reject "^4.4.0"
    lodash.some "^4.4.0"

classnames@^2.2.5:
  version "2.2.6"
  resolved "https://registry.yarnpkg.com/classnames/-/classnames-2.2.6.tgz#43935bffdd291f326dad0a205309b38d00f650ce"

copy-to-clipboard@^3.0.5:
  version "3.2.0"
  resolved "https://registry.yarnpkg.com/copy-to-clipboard/-/copy-to-clipboard-3.2.0.tgz#d2724a3ccbfed89706fac8a894872c979ac74467"
  dependencies:
    toggle-selection "^1.0.6"

core-js@^1.0.0:
  version "1.2.7"
  resolved "https://registry.yarnpkg.com/core-js/-/core-js-1.2.7.tgz#652294c14651db28fa93bd2d5ff2983a4f08c636"

create-react-class@^15.5.1:
  version "15.6.3"
  resolved "https://registry.yarnpkg.com/create-react-class/-/create-react-class-15.6.3.tgz#2d73237fb3f970ae6ebe011a9e66f46dbca80036"
  dependencies:
    fbjs "^0.8.9"
    loose-envify "^1.3.1"
    object-assign "^4.1.1"

css-select@~1.2.0:
  version "1.2.0"
  resolved "https://registry.yarnpkg.com/css-select/-/css-select-1.2.0.tgz#2b3a110539c5355f1cd8d314623e870b121ec858"
  dependencies:
    boolbase "~1.0.0"
    css-what "2.1"
    domutils "1.5.1"
    nth-check "~1.0.1"

css-what@2.1:
  version "2.1.3"
  resolved "https://registry.yarnpkg.com/css-what/-/css-what-2.1.3.tgz#a6d7604573365fe74686c3f311c56513d88285f2"

deep-equal@1.0.1:
  version "1.0.1"
  resolved "https://registry.yarnpkg.com/deep-equal/-/deep-equal-1.0.1.tgz#f5d260292b660e084eff4cdbc9f08ad3247448b5"

dom-serializer@0, dom-serializer@~0.1.0:
  version "0.1.1"
  resolved "https://registry.yarnpkg.com/dom-serializer/-/dom-serializer-0.1.1.tgz#1ec4059e284babed36eec2941d4a970a189ce7c0"
  dependencies:
    domelementtype "^1.3.0"
    entities "^1.1.1"

domelementtype@1, domelementtype@^1.3.0, domelementtype@^1.3.1:
  version "1.3.1"
  resolved "https://registry.yarnpkg.com/domelementtype/-/domelementtype-1.3.1.tgz#d048c44b37b0d10a7f2a3d5fee3f4333d790481f"

domhandler@^2.3.0:
  version "2.4.2"
  resolved "https://registry.yarnpkg.com/domhandler/-/domhandler-2.4.2.tgz#8805097e933d65e85546f726d60f5eb88b44f803"
  dependencies:
    domelementtype "1"

domutils@1.5.1:
  version "1.5.1"
  resolved "https://registry.yarnpkg.com/domutils/-/domutils-1.5.1.tgz#dcd8488a26f563d61079e48c9f7b7e32373682cf"
  dependencies:
    dom-serializer "0"
    domelementtype "1"

domutils@^1.5.1:
  version "1.7.0"
  resolved "https://registry.yarnpkg.com/domutils/-/domutils-1.7.0.tgz#56ea341e834e06e6748af7a1cb25da67ea9f8c2a"
  dependencies:
    dom-serializer "0"
    domelementtype "1"

encoding@^0.1.11:
  version "0.1.12"
  resolved "https://registry.yarnpkg.com/encoding/-/encoding-0.1.12.tgz#538b66f3ee62cd1ab51ec323829d1f9480c74beb"
  dependencies:
    iconv-lite "~0.4.13"

entities@^1.1.1, entities@~1.1.1:
  version "1.1.2"
  resolved "https://registry.yarnpkg.com/entities/-/entities-1.1.2.tgz#bdfa735299664dfafd34529ed4f8522a275fea56"

exenv@^1.2.1:
  version "1.2.2"
  resolved "https://registry.yarnpkg.com/exenv/-/exenv-1.2.2.tgz#2ae78e85d9894158670b03d47bec1f03bd91bb9d"

fbjs@^0.8.1, fbjs@^0.8.4, fbjs@^0.8.9:
  version "0.8.17"
  resolved "https://registry.yarnpkg.com/fbjs/-/fbjs-0.8.17.tgz#c4d598ead6949112653d6588b01a5cdcd9f90fdd"
  dependencies:
    core-js "^1.0.0"
    isomorphic-fetch "^2.1.1"
    loose-envify "^1.0.0"
    object-assign "^4.1.0"
    promise "^7.1.1"
    setimmediate "^1.0.5"
    ua-parser-js "^0.7.18"

gitbook-core@^4.0.0-alpha.1:
  version "4.0.0-alpha.1"
  resolved "https://registry.yarnpkg.com/gitbook-core/-/gitbook-core-4.0.0-alpha.1.tgz#3c5b5b14ad5881233e608f5f941b7ab82eaa8dd9"
  dependencies:
    bluebird "^3.4.6"
    classnames "^2.2.5"
    entities "^1.1.1"
    history "^4.3.0"
    html-tags "^1.1.1"
    immutable "^3.8.1"
    mousetrap "1.6.0"
    react "15.4.1"
    react-addons-css-transition-group "15.4.1"
    react-dom "15.4.1"
    react-helmet "^3.1.0"
    react-immutable-proptypes "^2.1.0"
    react-intl "^2.1.5"
    react-redux "^4.4.5"
    react-safe-html "0.4.0"
    redux "^3.5.2"
    redux-thunk "^2.1.0"
    reflexbox "^2.2.2"
    whatwg-fetch "^1.0.0"

gitbook-plugin-copy-code@^4.0.0-alpha.1:
  version "4.0.0-alpha.1"
  resolved "https://registry.yarnpkg.com/gitbook-plugin-copy-code/-/gitbook-plugin-copy-code-4.0.0-alpha.1.tgz#2120b58ab26dbca5cef84edfcf24929b465b25a2"
  dependencies:
    copy-to-clipboard "^3.0.5"
    gitbook-core "^4.0.0-alpha.1"

gitbook-plugin-japanese-support@^0.0.1:
  version "0.0.1"
  resolved "https://registry.yarnpkg.com/gitbook-plugin-japanese-support/-/gitbook-plugin-japanese-support-0.0.1.tgz#6649e1cabb9178c773d5cb0e5934678472eeec35"

history@^4.3.0:
  version "4.9.0"
  resolved "https://registry.yarnpkg.com/history/-/history-4.9.0.tgz#84587c2068039ead8af769e9d6a6860a14fa1bca"
  dependencies:
    "@babel/runtime" "^7.1.2"
    loose-envify "^1.2.0"
    resolve-pathname "^2.2.0"
    tiny-invariant "^1.0.2"
    tiny-warning "^1.0.0"
    value-equal "^0.4.0"

hoist-non-react-statics@^2.5.5:
  version "2.5.5"
  resolved "https://registry.yarnpkg.com/hoist-non-react-statics/-/hoist-non-react-statics-2.5.5.tgz#c5903cf409c0dfd908f388e619d86b9c1174cb47"

hoist-non-react-statics@^3.3.0:
  version "3.3.0"
  resolved "https://registry.yarnpkg.com/hoist-non-react-statics/-/hoist-non-react-statics-3.3.0.tgz#b09178f0122184fb95acf525daaecb4d8f45958b"
  dependencies:
    react-is "^16.7.0"

html-entities@^1.2.0:
  version "1.2.1"
  resolved "https://registry.yarnpkg.com/html-entities/-/html-entities-1.2.1.tgz#0df29351f0721163515dfb9e5543e5f6eed5162f"

html-tags@^1.1.1:
  version "1.2.0"
  resolved "https://registry.yarnpkg.com/html-tags/-/html-tags-1.2.0.tgz#c78de65b5663aa597989dd2b7ab49200d7e4db98"

htmlparser2@^3.9.1:
  version "3.10.1"
  resolved "https://registry.yarnpkg.com/htmlparser2/-/htmlparser2-3.10.1.tgz#bd679dc3f59897b6a34bb10749c855bb53a9392f"
  dependencies:
    domelementtype "^1.3.1"
    domhandler "^2.3.0"
    domutils "^1.5.1"
    entities "^1.1.1"
    inherits "^2.0.1"
    readable-stream "^3.1.1"

iconv-lite@~0.4.13:
  version "0.4.24"
  resolved "https://registry.yarnpkg.com/iconv-lite/-/iconv-lite-0.4.24.tgz#2022b4b25fbddc21d2f524974a474aafe733908b"
  dependencies:
    safer-buffer ">= 2.1.2 < 3"

immutable@^3.8.1:
  version "3.8.2"
  resolved "https://registry.yarnpkg.com/immutable/-/immutable-3.8.2.tgz#c2439951455bb39913daf281376f1530e104adf3"

inherits@^2.0.1, inherits@^2.0.3:
  version "2.0.3"
  resolved "https://registry.yarnpkg.com/inherits/-/inherits-2.0.3.tgz#633c2c83e3da42a502f52466022480f4208261de"

intl-format-cache@^2.0.5:
  version "2.1.0"
  resolved "https://registry.yarnpkg.com/intl-format-cache/-/intl-format-cache-2.1.0.tgz#04a369fecbfad6da6005bae1f14333332dcf9316"

intl-messageformat-parser@1.4.0:
  version "1.4.0"
  resolved "https://registry.yarnpkg.com/intl-messageformat-parser/-/intl-messageformat-parser-1.4.0.tgz#b43d45a97468cadbe44331d74bb1e8dea44fc075"

intl-messageformat@^2.0.0, intl-messageformat@^2.1.0:
  version "2.2.0"
  resolved "https://registry.yarnpkg.com/intl-messageformat/-/intl-messageformat-2.2.0.tgz#345bcd46de630b7683330c2e52177ff5eab484fc"
  dependencies:
    intl-messageformat-parser "1.4.0"

intl-relativeformat@^2.1.0:
  version "2.1.0"
  resolved "https://registry.yarnpkg.com/intl-relativeformat/-/intl-relativeformat-2.1.0.tgz#010f1105802251f40ac47d0e3e1a201348a255df"
  dependencies:
    intl-messageformat "^2.0.0"

invariant@^2.0.0, invariant@^2.1.1:
  version "2.2.4"
  resolved "https://registry.yarnpkg.com/invariant/-/invariant-2.2.4.tgz#610f3c92c9359ce1db616e538008d23ff35158e6"
  dependencies:
    loose-envify "^1.0.0"

is-stream@^1.0.1:
  version "1.1.0"
  resolved "https://registry.yarnpkg.com/is-stream/-/is-stream-1.1.0.tgz#12d4a3dd4e68e0b79ceb8dbc84173ae80d91ca44"

isomorphic-fetch@^2.1.1:
  version "2.2.1"
  resolved "https://registry.yarnpkg.com/isomorphic-fetch/-/isomorphic-fetch-2.2.1.tgz#611ae1acf14f5e81f729507472819fe9733558a9"
  dependencies:
    node-fetch "^1.0.1"
    whatwg-fetch ">=0.10.0"

"js-tokens@^3.0.0 || ^4.0.0":
  version "4.0.0"
  resolved "https://registry.yarnpkg.com/js-tokens/-/js-tokens-4.0.0.tgz#19203fb59991df98e3a287050d4647cdeaf32499"

lodash-es@^4.2.1:
  version "4.17.11"
  resolved "https://registry.yarnpkg.com/lodash-es/-/lodash-es-4.17.11.tgz#145ab4a7ac5c5e52a3531fb4f310255a152b4be0"

lodash.assignin@^4.0.9:
  version "4.2.0"
  resolved "https://registry.yarnpkg.com/lodash.assignin/-/lodash.assignin-4.2.0.tgz#ba8df5fb841eb0a3e8044232b0e263a8dc6a28a2"

lodash.bind@^4.1.4:
  version "4.2.1"
  resolved "https://registry.yarnpkg.com/lodash.bind/-/lodash.bind-4.2.1.tgz#7ae3017e939622ac31b7d7d7dcb1b34db1690d35"

lodash.defaults@^4.0.1:
  version "4.2.0"
  resolved "https://registry.yarnpkg.com/lodash.defaults/-/lodash.defaults-4.2.0.tgz#d09178716ffea4dde9e5fb7b37f6f0802274580c"

lodash.filter@^4.4.0:
  version "4.6.0"
  resolved "https://registry.yarnpkg.com/lodash.filter/-/lodash.filter-4.6.0.tgz#668b1d4981603ae1cc5a6fa760143e480b4c4ace"

lodash.flatten@^4.2.0:
  version "4.4.0"
  resolved "https://registry.yarnpkg.com/lodash.flatten/-/lodash.flatten-4.4.0.tgz#f31c22225a9632d2bbf8e4addbef240aa765a61f"

lodash.foreach@^4.3.0:
  version "4.5.0"
  resolved "https://registry.yarnpkg.com/lodash.foreach/-/lodash.foreach-4.5.0.tgz#1a6a35eace401280c7f06dddec35165ab27e3e53"

lodash.map@^4.4.0:
  version "4.6.0"
  resolved "https://registry.yarnpkg.com/lodash.map/-/lodash.map-4.6.0.tgz#771ec7839e3473d9c4cde28b19394c3562f4f6d3"

lodash.merge@^4.4.0:
  version "4.6.1"
  resolved "https://registry.yarnpkg.com/lodash.merge/-/lodash.merge-4.6.1.tgz#adc25d9cb99b9391c59624f379fbba60d7111d54"

lodash.pick@^4.2.1:
  version "4.4.0"
  resolved "https://registry.yarnpkg.com/lodash.pick/-/lodash.pick-4.4.0.tgz#52f05610fff9ded422611441ed1fc123a03001b3"

lodash.reduce@^4.4.0:
  version "4.6.0"
  resolved "https://registry.yarnpkg.com/lodash.reduce/-/lodash.reduce-4.6.0.tgz#f1ab6b839299ad48f784abbf476596f03b914d3b"

lodash.reject@^4.4.0:
  version "4.6.0"
  resolved "https://registry.yarnpkg.com/lodash.reject/-/lodash.reject-4.6.0.tgz#80d6492dc1470864bbf583533b651f42a9f52415"

lodash.some@^4.4.0:
  version "4.6.0"
  resolved "https://registry.yarnpkg.com/lodash.some/-/lodash.some-4.6.0.tgz#1bb9f314ef6b8baded13b549169b2a945eb68e4d"

lodash@^4.17.11, lodash@^4.2.1:
  version "4.17.11"
  resolved "https://registry.yarnpkg.com/lodash/-/lodash-4.17.11.tgz#b39ea6229ef607ecd89e2c8df12536891cac9b8d"

loose-envify@^1.0.0, loose-envify@^1.1.0, loose-envify@^1.2.0, loose-envify@^1.3.1, loose-envify@^1.4.0:
  version "1.4.0"
  resolved "https://registry.yarnpkg.com/loose-envify/-/loose-envify-1.4.0.tgz#71ee51fa7be4caec1a63839f7e682d8132d30caf"
  dependencies:
    js-tokens "^3.0.0 || ^4.0.0"

mousetrap@1.6.0:
  version "1.6.0"
  resolved "https://registry.yarnpkg.com/mousetrap/-/mousetrap-1.6.0.tgz#0168fcabb11d07669e87490324c981208121ac4d"

node-fetch@^1.0.1:
  version "1.7.3"
  resolved "https://registry.yarnpkg.com/node-fetch/-/node-fetch-1.7.3.tgz#980f6f72d85211a5347c6b2bc18c5b84c3eb47ef"
  dependencies:
    encoding "^0.1.11"
    is-stream "^1.0.1"

nth-check@~1.0.1:
  version "1.0.2"
  resolved "https://registry.yarnpkg.com/nth-check/-/nth-check-1.0.2.tgz#b2bd295c37e3dd58a3bf0700376663ba4d9cf05c"
  dependencies:
    boolbase "~1.0.0"

object-assign@^4.0.1, object-assign@^4.1.0, object-assign@^4.1.1:
  version "4.1.1"
  resolved "https://registry.yarnpkg.com/object-assign/-/object-assign-4.1.1.tgz#2109adc7965887cfc05cbbd442cac8bfbb360863"

promise@^7.1.1:
  version "7.3.1"
  resolved "https://registry.yarnpkg.com/promise/-/promise-7.3.1.tgz#064b72602b18f90f29192b8b1bc418ffd1ebd3bf"
  dependencies:
    asap "~2.0.3"

prop-types@^15.7.2:
  version "15.7.2"
  resolved "https://registry.yarnpkg.com/prop-types/-/prop-types-15.7.2.tgz#52c41e75b8c87e72b9d9360e0206b99dcbffa6c5"
  dependencies:
    loose-envify "^1.4.0"
    object-assign "^4.1.1"
    react-is "^16.8.1"

react-addons-css-transition-group@15.4.1:
  version "15.4.1"
  resolved "https://registry.yarnpkg.com/react-addons-css-transition-group/-/react-addons-css-transition-group-15.4.1.tgz#60b133fac5116e4009e56ab0674dc2ddcc1a18f6"

react-dom@15.4.1:
  version "15.4.1"
  resolved "https://registry.yarnpkg.com/react-dom/-/react-dom-15.4.1.tgz#d54c913261aaedb17adc20410d029dcc18a1344a"
  dependencies:
    fbjs "^0.8.1"
    loose-envify "^1.1.0"
    object-assign "^4.1.0"

react-helmet@^3.1.0:
  version "3.3.2"
  resolved "https://registry.yarnpkg.com/react-helmet/-/react-helmet-3.3.2.tgz#0d5a985aca6fba0331331fb567ca3d96681a381c"
  dependencies:
    deep-equal "1.0.1"
    object-assign "^4.0.1"
    react-side-effect "^1.1.0"

react-immutable-proptypes@^2.1.0:
  version "2.1.0"
  resolved "https://registry.yarnpkg.com/react-immutable-proptypes/-/react-immutable-proptypes-2.1.0.tgz#023d6f39bb15c97c071e9e60d00d136eac5fa0b4"

react-intl@^2.1.5:
  version "2.8.0"
  resolved "https://registry.yarnpkg.com/react-intl/-/react-intl-2.8.0.tgz#20b0c1f01d1292427768aa8ec9e51ab7e36503ba"
  dependencies:
    hoist-non-react-statics "^2.5.5"
    intl-format-cache "^2.0.5"
    intl-messageformat "^2.1.0"
    intl-relativeformat "^2.1.0"
    invariant "^2.1.1"

react-is@^16.7.0, react-is@^16.8.1:
  version "16.8.6"
  resolved "https://registry.yarnpkg.com/react-is/-/react-is-16.8.6.tgz#5bbc1e2d29141c9fbdfed456343fe2bc430a6a16"

react-redux@^4.4.5:
  version "4.4.10"
  resolved "https://registry.yarnpkg.com/react-redux/-/react-redux-4.4.10.tgz#ad57bd1db00c2d0aa7db992b360ce63dd0b80ec5"
  dependencies:
    create-react-class "^15.5.1"
    hoist-non-react-statics "^3.3.0"
    invariant "^2.0.0"
    lodash "^4.17.11"
    loose-envify "^1.4.0"
    prop-types "^15.7.2"

react-safe-html@0.4.0:
  version "0.4.0"
  resolved "https://registry.yarnpkg.com/react-safe-html/-/react-safe-html-0.4.0.tgz#67d1e06418b4469d9b6e48e9fca0ddea1ce38966"
  dependencies:
    cheerio "^0.22.0"
    html-entities "^1.2.0"
    htmlparser2 "^3.9.1"

react-side-effect@^1.1.0:
  version "1.1.5"
  resolved "https://registry.yarnpkg.com/react-side-effect/-/react-side-effect-1.1.5.tgz#f26059e50ed9c626d91d661b9f3c8bb38cd0ff2d"
  dependencies:
    exenv "^1.2.1"
    shallowequal "^1.0.1"

react@15.4.1:
  version "15.4.1"
  resolved "https://registry.yarnpkg.com/react/-/react-15.4.1.tgz#498e918602677a3983cd0fd206dfe700389a0dd6"
  dependencies:
    fbjs "^0.8.4"
    loose-envify "^1.1.0"
    object-assign "^4.1.0"

readable-stream@^3.1.1:
  version "3.3.0"
  resolved "https://registry.yarnpkg.com/readable-stream/-/readable-stream-3.3.0.tgz#cb8011aad002eb717bf040291feba8569c986fb9"
  dependencies:
    inherits "^2.0.3"
    string_decoder "^1.1.1"
    util-deprecate "^1.0.1"

redux-thunk@^2.1.0:
  version "2.3.0"
  resolved "https://registry.yarnpkg.com/redux-thunk/-/redux-thunk-2.3.0.tgz#51c2c19a185ed5187aaa9a2d08b666d0d6467622"

redux@^3.5.2:
  version "3.7.2"
  resolved "https://registry.yarnpkg.com/redux/-/redux-3.7.2.tgz#06b73123215901d25d065be342eb026bc1c8537b"
  dependencies:
    lodash "^4.2.1"
    lodash-es "^4.2.1"
    loose-envify "^1.1.0"
    symbol-observable "^1.0.3"

reflexbox@^2.2.2:
  version "2.2.3"
  resolved "https://registry.yarnpkg.com/reflexbox/-/reflexbox-2.2.3.tgz#9b9ce983dbe677cebf3a94cf2c50b8157f50c0d1"
  dependencies:
    robox "^1.0.0-beta.8"
    ruled "^1.0.1"

regenerator-runtime@^0.13.2:
  version "0.13.2"
  resolved "https://registry.yarnpkg.com/regenerator-runtime/-/regenerator-runtime-0.13.2.tgz#32e59c9a6fb9b1a4aff09b4930ca2d4477343447"

resolve-pathname@^2.2.0:
  version "2.2.0"
  resolved "https://registry.yarnpkg.com/resolve-pathname/-/resolve-pathname-2.2.0.tgz#7e9ae21ed815fd63ab189adeee64dc831eefa879"

robox@^1.0.0-beta.8:
  version "1.0.0-beta.8"
  resolved "https://registry.yarnpkg.com/robox/-/robox-1.0.0-beta.8.tgz#9aaee1dacf38a8c4ca4584a80012aebab5711c73"
  dependencies:
    understyle "^1.2.0"

ruled@^1.0.1:
  version "1.0.1"
  resolved "https://registry.yarnpkg.com/ruled/-/ruled-1.0.1.tgz#8301a1accc9d2e14b6502fca7033582335c2c0f4"

safe-buffer@~5.1.0:
  version "5.1.2"
  resolved "https://registry.yarnpkg.com/safe-buffer/-/safe-buffer-5.1.2.tgz#991ec69d296e0313747d59bdfd2b745c35f8828d"

"safer-buffer@>= 2.1.2 < 3":
  version "2.1.2"
  resolved "https://registry.yarnpkg.com/safer-buffer/-/safer-buffer-2.1.2.tgz#44fa161b0187b9549dd84bb91802f9bd8385cd6a"

setimmediate@^1.0.5:
  version "1.0.5"
  resolved "https://registry.yarnpkg.com/setimmediate/-/setimmediate-1.0.5.tgz#290cbb232e306942d7d7ea9b83732ab7856f8285"

shallowequal@^1.0.1:
  version "1.1.0"
  resolved "https://registry.yarnpkg.com/shallowequal/-/shallowequal-1.1.0.tgz#188d521de95b9087404fd4dcb68b13df0ae4e7f8"

string_decoder@^1.1.1:
  version "1.2.0"
  resolved "https://registry.yarnpkg.com/string_decoder/-/string_decoder-1.2.0.tgz#fe86e738b19544afe70469243b2a1ee9240eae8d"
  dependencies:
    safe-buffer "~5.1.0"

symbol-observable@^1.0.3:
  version "1.2.0"
  resolved "https://registry.yarnpkg.com/symbol-observable/-/symbol-observable-1.2.0.tgz#c22688aed4eab3cdc2dfeacbb561660560a00804"

tiny-invariant@^1.0.2:
  version "1.0.4"
  resolved "https://registry.yarnpkg.com/tiny-invariant/-/tiny-invariant-1.0.4.tgz#346b5415fd93cb696b0c4e8a96697ff590f92463"

tiny-warning@^1.0.0:
  version "1.0.2"
  resolved "https://registry.yarnpkg.com/tiny-warning/-/tiny-warning-1.0.2.tgz#1dfae771ee1a04396bdfde27a3adcebc6b648b28"

toggle-selection@^1.0.6:
  version "1.0.6"
  resolved "https://registry.yarnpkg.com/toggle-selection/-/toggle-selection-1.0.6.tgz#6e45b1263f2017fa0acc7d89d78b15b8bf77da32"

ua-parser-js@^0.7.18:
  version "0.7.19"
  resolved "https://registry.yarnpkg.com/ua-parser-js/-/ua-parser-js-0.7.19.tgz#94151be4c0a7fb1d001af7022fdaca4642659e4b"

understyle@^1.2.0:
  version "1.3.0"
  resolved "https://registry.yarnpkg.com/understyle/-/understyle-1.3.0.tgz#df3f9a9be96779d718c3da9598fad1c2f90f24ee"
  dependencies:
    object-assign "^4.1.0"

util-deprecate@^1.0.1:
  version "1.0.2"
  resolved "https://registry.yarnpkg.com/util-deprecate/-/util-deprecate-1.0.2.tgz#450d4dc9fa70de732762fbd2d4a28981419a0ccf"

value-equal@^0.4.0:
  version "0.4.0"
  resolved "https://registry.yarnpkg.com/value-equal/-/value-equal-0.4.0.tgz#c5bdd2f54ee093c04839d71ce2e4758a6890abc7"

whatwg-fetch@>=0.10.0:
  version "3.0.0"
  resolved "https://registry.yarnpkg.com/whatwg-fetch/-/whatwg-fetch-3.0.0.tgz#fc804e458cc460009b1a2b966bc8817d2578aefb"

whatwg-fetch@^1.0.0:
  version "1.1.1"
  resolved "https://registry.yarnpkg.com/whatwg-fetch/-/whatwg-fetch-1.1.1.tgz#ac3c9d39f320c6dce5339969d054ef43dd333319"
